# This file is generated by running "yarn install" inside your project.
# Manual changes might be lost - proceed with caution!

__metadata:
  version: 8
  cacheKey: 10c0

"@types/babel-types@npm:*, @types/babel-types@npm:^7.0.0":
  version: 7.0.15
  resolution: "@types/babel-types@npm:7.0.15"
  checksum: d4ff6f0c177aee27526e306ee8621dc0c6e6315b684885736cbed719477a5e6afd0d76e5425ce41a2c0fc2fefe9f6c85d641c7504f048e3fc0aa810692a19f31
  languageName: node
  linkType: hard

"@types/babylon@npm:^6.16.2":
  version: 6.16.9
  resolution: "@types/babylon@npm:6.16.9"
  dependencies:
    "@types/babel-types": "npm:*"
  checksum: 3dbe33a158b39d00e11ca4f53cad7ea02ed69c1c266221cabcc81596a03084706be007db698b254ad9689d040d77b9fd32b4b9956cf96dbb631572ea12e53b3a
  languageName: node
  linkType: hard

"accepts@npm:~1.3.5":
  version: 1.3.8
  resolution: "accepts@npm:1.3.8"
  dependencies:
    mime-types: "npm:~2.1.34"
    negotiator: "npm:0.6.3"
  checksum: 3a35c5f5586cfb9a21163ca47a5f77ac34fa8ceb5d17d2fa2c0d81f41cbd7f8c6fa52c77e2c039acc0f4d09e71abdc51144246900f6bef5e3c4b333f77d89362
  languageName: node
  linkType: hard

"acorn-globals@npm:^3.0.0":
  version: 3.1.0
  resolution: "acorn-globals@npm:3.1.0"
  dependencies:
    acorn: "npm:^4.0.4"
  checksum: f5268bf68f20f5e11fa6cc5bcffe9413d4d86617c06f4a5461ec4f76893c94f23a34aec9be820c454426e4ecc013b24c9d62b72810ab1cebc328efe0317ce171
  languageName: node
  linkType: hard

"acorn@npm:^3.1.0":
  version: 3.3.0
  resolution: "acorn@npm:3.3.0"
  bin:
    acorn: ./bin/acorn
  checksum: 04d645eede54b19e0aab3da2bea73778b1b42b0c45598fab95687c01bcae0fb47eec7661a73c09781b400a884b47f279fb5c2bdc24f5d09642b5ef3ef62b03a2
  languageName: node
  linkType: hard

"acorn@npm:^4.0.4, acorn@npm:~4.0.2":
  version: 4.0.13
  resolution: "acorn@npm:4.0.13"
  bin:
    acorn: ./bin/acorn
  checksum: ed73e42711474f80d7f2f94d68109e83a40d48c9596f0bcfd1a4c64e086636495259432421357524d04bfe317eed6de5b6202d2ab30f1b1c26bca12684979aa5
  languageName: node
  linkType: hard

"align-text@npm:^0.1.1, align-text@npm:^0.1.3":
  version: 0.1.4
  resolution: "align-text@npm:0.1.4"
  dependencies:
    kind-of: "npm:^3.0.2"
    longest: "npm:^1.0.1"
    repeat-string: "npm:^1.5.2"
  checksum: c0fc03fe5de15cda89f9babb91e77a255013b49912031e86e79f25547aa666622f0a68be3da47fc834ab2c97cfb6b0a967509b2ce883f5306d9c78f6069ced7a
  languageName: node
  linkType: hard

"amdefine@npm:>=0.0.4":
  version: 1.0.1
  resolution: "amdefine@npm:1.0.1"
  checksum: ba8aa5d4ff5248b2ed067111e72644b36b5b7ae88d9a5a2c4223dddb3bdc9102db67291e0b414f59f12c6479ac6a365886bac72c7965e627cbc732e0962dd1ab
  languageName: node
  linkType: hard

"array-flatten@npm:1.1.1":
  version: 1.1.1
  resolution: "array-flatten@npm:1.1.1"
  checksum: 806966c8abb2f858b08f5324d9d18d7737480610f3bd5d3498aaae6eb5efdc501a884ba019c9b4a8f02ff67002058749d05548fd42fa8643f02c9c7f22198b91
  languageName: node
  linkType: hard

"asap@npm:~2.0.3":
  version: 2.0.6
  resolution: "asap@npm:2.0.6"
  checksum: c6d5e39fe1f15e4b87677460bd66b66050cd14c772269cee6688824c1410a08ab20254bb6784f9afb75af9144a9f9a7692d49547f4d19d715aeb7c0318f3136d
  languageName: node
  linkType: hard

"babel-runtime@npm:^6.26.0":
  version: 6.26.0
  resolution: "babel-runtime@npm:6.26.0"
  dependencies:
    core-js: "npm:^2.4.0"
    regenerator-runtime: "npm:^0.11.0"
  checksum: caa752004936b1463765ed3199c52f6a55d0613b9bed108743d6f13ca532b821d4ea9decc4be1b583193164462b1e3e7eefdfa36b15c72e7daac58dd72c1772f
  languageName: node
  linkType: hard

"babel-types@npm:^6.26.0":
  version: 6.26.0
  resolution: "babel-types@npm:6.26.0"
  dependencies:
    babel-runtime: "npm:^6.26.0"
    esutils: "npm:^2.0.2"
    lodash: "npm:^4.17.4"
    to-fast-properties: "npm:^1.0.3"
  checksum: cabe371de1b32c4bbb1fd4ed0fe8a8726d42e5ad7d5cefb83cdae6de0f0a152dce591e4026719743fdf3aa45f84fea2c8851fb822fbe29b0c78a1f0094b67418
  languageName: node
  linkType: hard

"babylon@npm:^6.18.0":
  version: 6.18.0
  resolution: "babylon@npm:6.18.0"
  bin:
    babylon: ./bin/babylon.js
  checksum: 9b1bf946e16782deadb1f5414c1269efa6044eb1e97a3de2051f09a3f2a54e97be3542d4242b28d23de0ef67816f519d38ce1ec3ddb7be306131c39a60e5a667
  languageName: node
  linkType: hard

"basic-auth@npm:~2.0.0":
  version: 2.0.1
  resolution: "basic-auth@npm:2.0.1"
  dependencies:
    safe-buffer: "npm:5.1.2"
  checksum: 05f56db3a0fc31c89c86b605231e32ee143fb6ae38dc60616bc0970ae6a0f034172def99e69d3aed0e2c9e7cac84e2d63bc51a0b5ff6ab5fc8808cc8b29923c1
  languageName: node
  linkType: hard

"body-parser@npm:1.18.3":
  version: 1.18.3
  resolution: "body-parser@npm:1.18.3"
  dependencies:
    bytes: "npm:3.0.0"
    content-type: "npm:~1.0.4"
    debug: "npm:2.6.9"
    depd: "npm:~1.1.2"
    http-errors: "npm:~1.6.3"
    iconv-lite: "npm:0.4.23"
    on-finished: "npm:~2.3.0"
    qs: "npm:6.5.2"
    raw-body: "npm:2.3.3"
    type-is: "npm:~1.6.16"
  checksum: ebc0403f3bce6480529eb1864c5504ce4e8248918508026c2da3b1a7ab6b3478fa84262877b0ae93a5f084828d26ad26efd575eb0b007785482fe2e8f89fd0b9
  languageName: node
  linkType: hard

"bytes@npm:3.0.0":
  version: 3.0.0
  resolution: "bytes@npm:3.0.0"
  checksum: 91d42c38601c76460519ffef88371caacaea483a354c8e4b8808e7b027574436a5713337c003ea3de63ee4991c2a9a637884fdfe7f761760d746929d9e8fec60
  languageName: node
  linkType: hard

"call-bind@npm:^1.0.2":
  version: 1.0.5
  resolution: "call-bind@npm:1.0.5"
  dependencies:
    function-bind: "npm:^1.1.2"
    get-intrinsic: "npm:^1.2.1"
    set-function-length: "npm:^1.1.1"
  checksum: a6172c168fd6dacf744fcde745099218056bd755c50415b592655dcd6562157ed29f130f56c3f6db2250f67e4bd62e5c218cdc56d7bfd76e0bda50770fce2d10
  languageName: node
  linkType: hard

"camelcase@npm:^1.0.2":
  version: 1.2.1
  resolution: "camelcase@npm:1.2.1"
  checksum: dec70dfd46be8e31c5f8a4616f441cc3902da9b807f843c2ad4f2a0c79a8907d91914184b40166e2111bfa76cb66de6107924c0529017204e810ef14390381fa
  languageName: node
  linkType: hard

"center-align@npm:^0.1.1":
  version: 0.1.3
  resolution: "center-align@npm:0.1.3"
  dependencies:
    align-text: "npm:^0.1.3"
    lazy-cache: "npm:^1.0.3"
  checksum: d12d17b53c4ffce900ecddeb87b781e65af9fe197973015bc2d8fb114fcccdd6457995df26bfe156ffe44573ffbabbba7c67653d92cfc8e1b2e7ec88404cbb61
  languageName: node
  linkType: hard

"character-parser@npm:^2.1.1":
  version: 2.2.0
  resolution: "character-parser@npm:2.2.0"
  dependencies:
    is-regex: "npm:^1.0.3"
  checksum: 5a8d3eff2c912a6878c84e2ebf9d42524e858aa7e1a1c7e8bb79ab54da109ad008fe9057a9d2b3230541d7ff858eda98983a2ae15db57ba01af2e989d29e932e
  languageName: node
  linkType: hard

"clean-css@npm:^3.3.0":
  version: 3.4.28
  resolution: "clean-css@npm:3.4.28"
  dependencies:
    commander: "npm:2.8.x"
    source-map: "npm:0.4.x"
  bin:
    cleancss: ./bin/cleancss
  checksum: 4da290ffab4b7f5bb6bacdabc0e3984c80b3ce3c4dede83338262de1acc3cd244ca9ca612d5e4be0a278b0c54261b58ef0c24e5ac632af03e395d144c48354f3
  languageName: node
  linkType: hard

"cliui@npm:^2.1.0":
  version: 2.1.0
  resolution: "cliui@npm:2.1.0"
  dependencies:
    center-align: "npm:^0.1.1"
    right-align: "npm:^0.1.1"
    wordwrap: "npm:0.0.2"
  checksum: a5e7a3c1f354f3dd4cdea613822633a3c73604d4852ab2f5ac24fb7e10a2bef4475b4064e1bdd3db61e9527130a634ca4cef7e18666d03519611e70213606245
  languageName: node
  linkType: hard

"commander@npm:2.8.x":
  version: 2.8.1
  resolution: "commander@npm:2.8.1"
  dependencies:
    graceful-readlink: "npm:>= 1.0.0"
  checksum: 803a32badf466a5a96684996e8939b583f9a810197ad51f6f3c5d274c3f25271ba775e3930865241efa5e82e5da4fcc1831c43320cebca193b573dd0fc00f04d
  languageName: node
  linkType: hard

"constantinople@npm:^3.0.1":
  version: 3.1.2
  resolution: "constantinople@npm:3.1.2"
  dependencies:
    "@types/babel-types": "npm:^7.0.0"
    "@types/babylon": "npm:^6.16.2"
    babel-types: "npm:^6.26.0"
    babylon: "npm:^6.18.0"
  checksum: 5fea24b1a1a00369a0eeb22077acc6cc3b044b54820ee903feafc6b5e5b21e57a130d636cbd2e7d400d7a22cbd4df79091d6eab7f1211a5fbb3ba866f2bb5b68
  languageName: node
  linkType: hard

"content-disposition@npm:0.5.2":
  version: 0.5.2
  resolution: "content-disposition@npm:0.5.2"
  checksum: 49eebaa0da1f9609b192e99d7fec31d1178cb57baa9d01f5b63b29787ac31e9d18b5a1033e854c68c9b6cce790e700a6f7fa60e43f95e2e416404e114a8f2f49
  languageName: node
  linkType: hard

"content-type@npm:~1.0.4":
  version: 1.0.5
  resolution: "content-type@npm:1.0.5"
  checksum: b76ebed15c000aee4678c3707e0860cb6abd4e680a598c0a26e17f0bfae723ec9cc2802f0ff1bc6e4d80603719010431d2231018373d4dde10f9ccff9dadf5af
  languageName: node
  linkType: hard

"cookie-parser@npm:~1.4.4":
  version: 1.4.6
  resolution: "cookie-parser@npm:1.4.6"
  dependencies:
    cookie: "npm:0.4.1"
    cookie-signature: "npm:1.0.6"
  checksum: 9c2ade5459290802cd472a2d2a6e46fbd7de3e8514e02bfed5edfde892d77733c7f89d9d2015f752a9087680429b416972d7aba748bf6824e21eb680c8556383
  languageName: node
  linkType: hard

"cookie-signature@npm:1.0.6":
  version: 1.0.6
  resolution: "cookie-signature@npm:1.0.6"
  checksum: b36fd0d4e3fef8456915fcf7742e58fbfcc12a17a018e0eb9501c9d5ef6893b596466f03b0564b81af29ff2538fd0aa4b9d54fe5ccbfb4c90ea50ad29fe2d221
  languageName: node
  linkType: hard

"cookie@npm:0.3.1":
  version: 0.3.1
  resolution: "cookie@npm:0.3.1"
  checksum: 0d73c4d605b234c4d04de335aefa4988157f03265845f4a89ea311e3ba1ce73ab42b52d33652ed1c9671342eb77742a58f61753f3e90f31711284fb6031b2962
  languageName: node
  linkType: hard

"cookie@npm:0.4.1":
  version: 0.4.1
  resolution: "cookie@npm:0.4.1"
  checksum: 4d7bc798df3d0f34035977949cd6b7d05bbab47d7dcb868667f460b578a550cd20dec923832b8a3a107ef35aba091a3975e14f79efacf6e39282dc0fed6db4a1
  languageName: node
  linkType: hard

"core-js@npm:^2.4.0":
  version: 2.6.12
  resolution: "core-js@npm:2.6.12"
  checksum: 00128efe427789120a06b819adc94cc72b96955acb331cb71d09287baf9bd37bebd191d91f1ee4939c893a050307ead4faea08876f09115112612b6a05684b63
  languageName: node
  linkType: hard

"cors@npm:^2.8.5":
  version: 2.8.5
  resolution: "cors@npm:2.8.5"
  dependencies:
    object-assign: "npm:^4"
    vary: "npm:^1"
  checksum: 373702b7999409922da80de4a61938aabba6929aea5b6fd9096fefb9e8342f626c0ebd7507b0e8b0b311380744cc985f27edebc0a26e0ddb784b54e1085de761
  languageName: node
  linkType: hard

"debug@npm:2.6.9, debug@npm:~2.6.9":
  version: 2.6.9
  resolution: "debug@npm:2.6.9"
  dependencies:
    ms: "npm:2.0.0"
  checksum: 121908fb839f7801180b69a7e218a40b5a0b718813b886b7d6bdb82001b931c938e2941d1e4450f33a1b1df1da653f5f7a0440c197f29fbf8a6e9d45ff6ef589
  languageName: node
  linkType: hard

"decamelize@npm:^1.0.0":
  version: 1.2.0
  resolution: "decamelize@npm:1.2.0"
  checksum: 85c39fe8fbf0482d4a1e224ef0119db5c1897f8503bcef8b826adff7a1b11414972f6fef2d7dec2ee0b4be3863cf64ac1439137ae9e6af23a3d8dcbe26a5b4b2
  languageName: node
  linkType: hard

"define-data-property@npm:^1.1.1":
  version: 1.1.1
  resolution: "define-data-property@npm:1.1.1"
  dependencies:
    get-intrinsic: "npm:^1.2.1"
    gopd: "npm:^1.0.1"
    has-property-descriptors: "npm:^1.0.0"
  checksum: 77ef6e0bceb515e05b5913ab635a84d537cee84f8a7c37c77fdcb31fc5b80f6dbe81b33375e4b67d96aa04e6a0d8d4ea099e431d83f089af8d93adfb584bcb94
  languageName: node
  linkType: hard

"depd@npm:~1.1.2":
  version: 1.1.2
  resolution: "depd@npm:1.1.2"
  checksum: acb24aaf936ef9a227b6be6d495f0d2eb20108a9a6ad40585c5bda1a897031512fef6484e4fdbb80bd249fdaa82841fa1039f416ece03188e677ba11bcfda249
  languageName: node
  linkType: hard

"destroy@npm:~1.0.4":
  version: 1.0.4
  resolution: "destroy@npm:1.0.4"
  checksum: eab493808ba17a1fa22c71ef1a4e68d2c4c5222a38040606c966d2ab09117f3a7f3e05c39bffbe41a697f9de552039e43c30e46f0c3eab3faa9f82e800e172a0
  languageName: node
  linkType: hard

"doctypes@npm:^1.1.0":
  version: 1.1.0
  resolution: "doctypes@npm:1.1.0"
  checksum: b3f9d597ad8b9ac6aeba9d64df61f0098174f7570e3d34f7ee245ebc736c7bee122d9738a18e22010b98983fd9a340d63043d3841f02d8a7742a2d96d2c72610
  languageName: node
  linkType: hard

"ee-first@npm:1.1.1":
  version: 1.1.1
  resolution: "ee-first@npm:1.1.1"
  checksum: b5bb125ee93161bc16bfe6e56c6b04de5ad2aa44234d8f644813cc95d861a6910903132b05093706de2b706599367c4130eb6d170f6b46895686b95f87d017b7
  languageName: node
  linkType: hard

"encodeurl@npm:~1.0.2":
  version: 1.0.2
  resolution: "encodeurl@npm:1.0.2"
  checksum: f6c2387379a9e7c1156c1c3d4f9cb7bb11cf16dd4c1682e1f6746512564b053df5781029b6061296832b59fb22f459dbe250386d217c2f6e203601abb2ee0bec
  languageName: node
  linkType: hard

"escape-html@npm:~1.0.3":
  version: 1.0.3
  resolution: "escape-html@npm:1.0.3"
  checksum: 524c739d776b36c3d29fa08a22e03e8824e3b2fd57500e5e44ecf3cc4707c34c60f9ca0781c0e33d191f2991161504c295e98f68c78fe7baa6e57081ec6ac0a3
  languageName: node
  linkType: hard

"esutils@npm:^2.0.2":
  version: 2.0.3
  resolution: "esutils@npm:2.0.3"
  checksum: 9a2fe69a41bfdade834ba7c42de4723c97ec776e40656919c62cbd13607c45e127a003f05f724a1ea55e5029a4cf2de444b13009f2af71271e42d93a637137c7
  languageName: node
  linkType: hard

"etag@npm:~1.8.1":
  version: 1.8.1
  resolution: "etag@npm:1.8.1"
  checksum: 12be11ef62fb9817314d790089a0a49fae4e1b50594135dcb8076312b7d7e470884b5100d249b28c18581b7fd52f8b485689ffae22a11ed9ec17377a33a08f84
  languageName: node
  linkType: hard

"express@npm:~4.16.1":
  version: 4.16.4
  resolution: "express@npm:4.16.4"
  dependencies:
    accepts: "npm:~1.3.5"
    array-flatten: "npm:1.1.1"
    body-parser: "npm:1.18.3"
    content-disposition: "npm:0.5.2"
    content-type: "npm:~1.0.4"
    cookie: "npm:0.3.1"
    cookie-signature: "npm:1.0.6"
    debug: "npm:2.6.9"
    depd: "npm:~1.1.2"
    encodeurl: "npm:~1.0.2"
    escape-html: "npm:~1.0.3"
    etag: "npm:~1.8.1"
    finalhandler: "npm:1.1.1"
    fresh: "npm:0.5.2"
    merge-descriptors: "npm:1.0.1"
    methods: "npm:~1.1.2"
    on-finished: "npm:~2.3.0"
    parseurl: "npm:~1.3.2"
    path-to-regexp: "npm:0.1.7"
    proxy-addr: "npm:~2.0.4"
    qs: "npm:6.5.2"
    range-parser: "npm:~1.2.0"
    safe-buffer: "npm:5.1.2"
    send: "npm:0.16.2"
    serve-static: "npm:1.13.2"
    setprototypeof: "npm:1.1.0"
    statuses: "npm:~1.4.0"
    type-is: "npm:~1.6.16"
    utils-merge: "npm:1.0.1"
    vary: "npm:~1.1.2"
  checksum: dfa1ae84a102728cead3d5d600e941fa06ecd158e34f9bf1ba2cde18cd7de1c83b35beedf377861b20f33b47a8c9d0c18dd26f8fc01d0e7dc0e8f582ab34bdd6
  languageName: node
  linkType: hard

"finalhandler@npm:1.1.1":
  version: 1.1.1
  resolution: "finalhandler@npm:1.1.1"
  dependencies:
    debug: "npm:2.6.9"
    encodeurl: "npm:~1.0.2"
    escape-html: "npm:~1.0.3"
    on-finished: "npm:~2.3.0"
    parseurl: "npm:~1.3.2"
    statuses: "npm:~1.4.0"
    unpipe: "npm:~1.0.0"
  checksum: c0fcd573daf3188a4ae7ea6988c9de3e53fd3d20e78e0c3ebd4a6a184c0e7a6ec3dc1c0e42ceb710323642ca4eaeded5440db57c0505c794616538452479bf22
  languageName: node
  linkType: hard

"forwarded@npm:0.2.0":
  version: 0.2.0
  resolution: "forwarded@npm:0.2.0"
  checksum: 9b67c3fac86acdbc9ae47ba1ddd5f2f81526fa4c8226863ede5600a3f7c7416ef451f6f1e240a3cc32d0fd79fcfe6beb08fd0da454f360032bde70bf80afbb33
  languageName: node
  linkType: hard

"fresh@npm:0.5.2":
  version: 0.5.2
  resolution: "fresh@npm:0.5.2"
  checksum: c6d27f3ed86cc5b601404822f31c900dd165ba63fff8152a3ef714e2012e7535027063bc67ded4cb5b3a49fa596495d46cacd9f47d6328459cf570f08b7d9e5a
  languageName: node
  linkType: hard

"function-bind@npm:^1.1.2":
  version: 1.1.2
  resolution: "function-bind@npm:1.1.2"
  checksum: d8680ee1e5fcd4c197e4ac33b2b4dce03c71f4d91717292785703db200f5c21f977c568d28061226f9b5900cbcd2c84463646134fd5337e7925e0942bc3f46d5
  languageName: node
  linkType: hard

"get-intrinsic@npm:^1.1.3, get-intrinsic@npm:^1.2.1, get-intrinsic@npm:^1.2.2":
  version: 1.2.2
  resolution: "get-intrinsic@npm:1.2.2"
  dependencies:
    function-bind: "npm:^1.1.2"
    has-proto: "npm:^1.0.1"
    has-symbols: "npm:^1.0.3"
    hasown: "npm:^2.0.0"
  checksum: 4e7fb8adc6172bae7c4fe579569b4d5238b3667c07931cd46b4eee74bbe6ff6b91329bec311a638d8e60f5b51f44fe5445693c6be89ae88d4b5c49f7ff12db0b
  languageName: node
  linkType: hard

"gopd@npm:^1.0.1":
  version: 1.0.1
  resolution: "gopd@npm:1.0.1"
  dependencies:
    get-intrinsic: "npm:^1.1.3"
  checksum: 505c05487f7944c552cee72087bf1567debb470d4355b1335f2c262d218ebbff805cd3715448fe29b4b380bae6912561d0467233e4165830efd28da241418c63
  languageName: node
  linkType: hard

"graceful-readlink@npm:>= 1.0.0":
  version: 1.0.1
  resolution: "graceful-readlink@npm:1.0.1"
  checksum: c53e703257e77f8a4495ff0d476c09aa413251acd26684f4544771b15e0ad361d1075b8f6d27b52af6942ea58155a9bbdb8125d717c70df27117460fee295a54
  languageName: node
  linkType: hard

"has-property-descriptors@npm:^1.0.0":
  version: 1.0.1
  resolution: "has-property-descriptors@npm:1.0.1"
  dependencies:
    get-intrinsic: "npm:^1.2.2"
  checksum: d62ba94b40150b00d621bc64a6aedb5bf0ee495308b4b7ed6bac856043db3cdfb1db553ae81cec91c9d2bd82057ff0e94145e7fa25d5aa5985ed32e0921927f6
  languageName: node
  linkType: hard

"has-proto@npm:^1.0.1":
  version: 1.0.1
  resolution: "has-proto@npm:1.0.1"
  checksum: c8a8fe411f810b23a564bd5546a8f3f0fff6f1b692740eb7a2fdc9df716ef870040806891e2f23ff4653f1083e3895bf12088703dd1a0eac3d9202d3a4768cd0
  languageName: node
  linkType: hard

"has-symbols@npm:^1.0.2, has-symbols@npm:^1.0.3":
  version: 1.0.3
  resolution: "has-symbols@npm:1.0.3"
  checksum: e6922b4345a3f37069cdfe8600febbca791c94988c01af3394d86ca3360b4b93928bbf395859158f88099cb10b19d98e3bbab7c9ff2c1bd09cf665ee90afa2c3
  languageName: node
  linkType: hard

"has-tostringtag@npm:^1.0.0":
  version: 1.0.0
  resolution: "has-tostringtag@npm:1.0.0"
  dependencies:
    has-symbols: "npm:^1.0.2"
  checksum: 1cdba76b7d13f65198a92b8ca1560ba40edfa09e85d182bf436d928f3588a9ebd260451d569f0ed1b849c4bf54f49c862aa0d0a77f9552b1855bb6deb526c011
  languageName: node
  linkType: hard

"hasown@npm:^2.0.0":
  version: 2.0.0
  resolution: "hasown@npm:2.0.0"
  dependencies:
    function-bind: "npm:^1.1.2"
  checksum: 5d415b114f410661208c95e7ab4879f1cc2765b8daceff4dc8718317d1cb7b9ffa7c5d1eafd9a4389c9aab7445d6ea88e05f3096cb1e529618b55304956b87fc
  languageName: node
  linkType: hard

"http-errors@npm:1.6.3, http-errors@npm:~1.6.2, http-errors@npm:~1.6.3":
  version: 1.6.3
  resolution: "http-errors@npm:1.6.3"
  dependencies:
    depd: "npm:~1.1.2"
    inherits: "npm:2.0.3"
    setprototypeof: "npm:1.1.0"
    statuses: "npm:>= 1.4.0 < 2"
  checksum: 17ec4046ee974477778bfdd525936c254b872054703ec2caa4d6f099566b8adade636ae6aeeacb39302c5cd6e28fb407ebd937f500f5010d0b6850750414ff78
  languageName: node
  linkType: hard

"iconv-lite@npm:0.4.23":
  version: 0.4.23
  resolution: "iconv-lite@npm:0.4.23"
  dependencies:
    safer-buffer: "npm:>= 2.1.2 < 3"
  checksum: f757960ebf906c5f0b08fac9d602aa29695a7b1d9947bd6eaf5f6e5beb9f68161a1d5d4ff40d56d823fd897eecf42c0619230bddf3bae7d6583eaa53231d8f10
  languageName: node
  linkType: hard

"inherits@npm:2.0.3":
  version: 2.0.3
  resolution: "inherits@npm:2.0.3"
  checksum: 6e56402373149ea076a434072671f9982f5fad030c7662be0332122fe6c0fa490acb3cc1010d90b6eff8d640b1167d77674add52dfd1bb85d545cf29e80e73e7
  languageName: node
  linkType: hard

"ipaddr.js@npm:1.9.1":
  version: 1.9.1
  resolution: "ipaddr.js@npm:1.9.1"
  checksum: 0486e775047971d3fdb5fb4f063829bac45af299ae0b82dcf3afa2145338e08290563a2a70f34b732d795ecc8311902e541a8530eeb30d75860a78ff4e94ce2a
  languageName: node
  linkType: hard

"is-buffer@npm:^1.1.5":
  version: 1.1.6
  resolution: "is-buffer@npm:1.1.6"
  checksum: ae18aa0b6e113d6c490ad1db5e8df9bdb57758382b313f5a22c9c61084875c6396d50bbf49315f5b1926d142d74dfb8d31b40d993a383e0a158b15fea7a82234
  languageName: node
  linkType: hard

"is-core-module@npm:^2.13.0":
  version: 2.13.1
  resolution: "is-core-module@npm:2.13.1"
  dependencies:
    hasown: "npm:^2.0.0"
  checksum: 2cba9903aaa52718f11c4896dabc189bab980870aae86a62dc0d5cedb546896770ee946fb14c84b7adf0735f5eaea4277243f1b95f5cefa90054f92fbcac2518
  languageName: node
  linkType: hard

"is-expression@npm:^3.0.0":
  version: 3.0.0
  resolution: "is-expression@npm:3.0.0"
  dependencies:
    acorn: "npm:~4.0.2"
    object-assign: "npm:^4.0.1"
  checksum: 3b21d6b1351d7a3a28ee565eeb5b1bd7128473af9c0f2fc8fd424b7ab2c1da37359d01da29439dd3b3ded8d8286dfc736fb9f3342abc8ce79191c722ac2cb662
  languageName: node
  linkType: hard

"is-promise@npm:^2.0.0":
  version: 2.2.2
  resolution: "is-promise@npm:2.2.2"
  checksum: 2dba959812380e45b3df0fb12e7cb4d4528c989c7abb03ececb1d1fd6ab1cbfee956ca9daa587b9db1d8ac3c1e5738cf217bdb3dfd99df8c691be4c00ae09069
  languageName: node
  linkType: hard

"is-regex@npm:^1.0.3":
  version: 1.1.4
  resolution: "is-regex@npm:1.1.4"
  dependencies:
    call-bind: "npm:^1.0.2"
    has-tostringtag: "npm:^1.0.0"
  checksum: bb72aae604a69eafd4a82a93002058c416ace8cde95873589a97fc5dac96a6c6c78a9977d487b7b95426a8f5073969124dd228f043f9f604f041f32fcc465fc1
  languageName: node
  linkType: hard

"js-stringify@npm:^1.0.1":
  version: 1.0.2
  resolution: "js-stringify@npm:1.0.2"
  checksum: a450c04fde3a7e1c27f1c3c4300433f8d79322f9e3c2e76266843cef8c0b5a69b5f11b5f173212b2f15f2df09e068ef7ddf46ef775e2486f3006a6f4e912578d
  languageName: node
  linkType: hard

"jstransformer@npm:1.0.0":
  version: 1.0.0
  resolution: "jstransformer@npm:1.0.0"
  dependencies:
    is-promise: "npm:^2.0.0"
    promise: "npm:^7.0.1"
  checksum: 11f9b4f368a55878dd7973154cd83b0adca27f974d21217728652530775b2bec281e92109de66f0c9e37c76af796d5b76b33f3e38363214a83d102d523a7285b
  languageName: node
  linkType: hard

"kind-of@npm:^3.0.2":
  version: 3.2.2
  resolution: "kind-of@npm:3.2.2"
  dependencies:
    is-buffer: "npm:^1.1.5"
  checksum: 7e34bc29d4b02c997f92f080de34ebb92033a96736bbb0bb2410e033a7e5ae6571f1fa37b2d7710018f95361473b816c604234197f4f203f9cf149d8ef1574d9
  languageName: node
  linkType: hard

"lazy-cache@npm:^1.0.3":
  version: 1.0.4
  resolution: "lazy-cache@npm:1.0.4"
  checksum: 00f4868a27dc5c491ad86f46068d19bc97c0402d6c7c1449a977fade8ce667d4723beac8e12fdb1d6237156dd25ab0d3c963422bdfcbc76fd25941bfe3c6f015
  languageName: node
  linkType: hard

"lodash@npm:^4.17.4":
  version: 4.17.21
  resolution: "lodash@npm:4.17.21"
  checksum: d8cbea072bb08655bb4c989da418994b073a608dffa608b09ac04b43a791b12aeae7cd7ad919aa4c925f33b48490b5cfe6c1f71d827956071dae2e7bb3a6b74c
  languageName: node
  linkType: hard

"longest@npm:^1.0.1":
  version: 1.0.1
  resolution: "longest@npm:1.0.1"
  checksum: e77bd510ea4083cc202a8985be1d422d4183e1078775bcf6c5d9aee3e401d9094b44348c720f9d349f230293865b09ee611453ac4694422ad43a9a9bdb092c82
  languageName: node
  linkType: hard

"media-typer@npm:0.3.0":
  version: 0.3.0
  resolution: "media-typer@npm:0.3.0"
  checksum: d160f31246907e79fed398470285f21bafb45a62869dc469b1c8877f3f064f5eabc4bcc122f9479b8b605bc5c76187d7871cf84c4ee3ecd3e487da1993279928
  languageName: node
  linkType: hard

"merge-descriptors@npm:1.0.1":
  version: 1.0.1
  resolution: "merge-descriptors@npm:1.0.1"
  checksum: b67d07bd44cfc45cebdec349bb6e1f7b077ee2fd5beb15d1f7af073849208cb6f144fe403e29a36571baf3f4e86469ac39acf13c318381e958e186b2766f54ec
  languageName: node
  linkType: hard

"methods@npm:~1.1.2":
  version: 1.1.2
  resolution: "methods@npm:1.1.2"
  checksum: bdf7cc72ff0a33e3eede03708c08983c4d7a173f91348b4b1e4f47d4cdbf734433ad971e7d1e8c77247d9e5cd8adb81ea4c67b0a2db526b758b2233d7814b8b2
  languageName: node
  linkType: hard

"mime-db@npm:1.52.0":
  version: 1.52.0
  resolution: "mime-db@npm:1.52.0"
  checksum: 0557a01deebf45ac5f5777fe7740b2a5c309c6d62d40ceab4e23da9f821899ce7a900b7ac8157d4548ddbb7beffe9abc621250e6d182b0397ec7f10c7b91a5aa
  languageName: node
  linkType: hard

"mime-types@npm:~2.1.24, mime-types@npm:~2.1.34":
  version: 2.1.35
  resolution: "mime-types@npm:2.1.35"
  dependencies:
    mime-db: "npm:1.52.0"
  checksum: 82fb07ec56d8ff1fc999a84f2f217aa46cb6ed1033fefaabd5785b9a974ed225c90dc72fff460259e66b95b73648596dbcc50d51ed69cdf464af2d237d3149b2
  languageName: node
  linkType: hard

"mime@npm:1.4.1":
  version: 1.4.1
  resolution: "mime@npm:1.4.1"
  bin:
    mime: cli.js
  checksum: ba9db9f7eb3eaae61c072cf06d744db99c091b5c9fa49f68e44ada7c6cccc89568c7a830f9ae0a11f37c88ca3851cb59a138e4703895e01d55dbff274feb74be
  languageName: node
  linkType: hard

"morgan@npm:~1.9.1":
  version: 1.9.1
  resolution: "morgan@npm:1.9.1"
  dependencies:
    basic-auth: "npm:~2.0.0"
    debug: "npm:2.6.9"
    depd: "npm:~1.1.2"
    on-finished: "npm:~2.3.0"
    on-headers: "npm:~1.0.1"
  checksum: c242d0be8297cd0c02276af76b79c274e434d738d8346b2bb20e48342c2c51ae9c4ea250b499949de89232e1247c0018e175a4df256bda06ed22a6891da0a392
  languageName: node
  linkType: hard

"ms@npm:2.0.0":
  version: 2.0.0
  resolution: "ms@npm:2.0.0"
  checksum: f8fda810b39fd7255bbdc451c46286e549794fcc700dc9cd1d25658bbc4dc2563a5de6fe7c60f798a16a60c6ceb53f033cb353f493f0cf63e5199b702943159d
  languageName: node
  linkType: hard

"myserverapp@workspace:.":
  version: 0.0.0-use.local
  resolution: "myserverapp@workspace:."
  dependencies:
    cookie-parser: "npm:~1.4.4"
    cors: "npm:^2.8.5"
    debug: "npm:~2.6.9"
    express: "npm:~4.16.1"
    http-errors: "npm:~1.6.3"
    morgan: "npm:~1.9.1"
    pug: "npm:2.0.0-beta11"
  languageName: unknown
  linkType: soft

"negotiator@npm:0.6.3":
  version: 0.6.3
  resolution: "negotiator@npm:0.6.3"
  checksum: 3ec9fd413e7bf071c937ae60d572bc67155262068ed522cf4b3be5edbe6ddf67d095ec03a3a14ebf8fc8e95f8e1d61be4869db0dbb0de696f6b837358bd43fc2
  languageName: node
  linkType: hard

"object-assign@npm:^4, object-assign@npm:^4.0.1, object-assign@npm:^4.1.0":
  version: 4.1.1
  resolution: "object-assign@npm:4.1.1"
  checksum: 1f4df9945120325d041ccf7b86f31e8bcc14e73d29171e37a7903050e96b81323784ec59f93f102ec635bcf6fa8034ba3ea0a8c7e69fa202b87ae3b6cec5a414
  languageName: node
  linkType: hard

"on-finished@npm:~2.3.0":
  version: 2.3.0
  resolution: "on-finished@npm:2.3.0"
  dependencies:
    ee-first: "npm:1.1.1"
  checksum: c904f9e518b11941eb60279a3cbfaf1289bd0001f600a950255b1dede9fe3df8cd74f38483550b3bb9485165166acb5db500c3b4c4337aec2815c88c96fcc2ea
  languageName: node
  linkType: hard

"on-headers@npm:~1.0.1":
  version: 1.0.2
  resolution: "on-headers@npm:1.0.2"
  checksum: f649e65c197bf31505a4c0444875db0258e198292f34b884d73c2f751e91792ef96bb5cf89aa0f4fecc2e4dc662461dda606b1274b0e564f539cae5d2f5fc32f
  languageName: node
  linkType: hard

"parseurl@npm:~1.3.2":
  version: 1.3.3
  resolution: "parseurl@npm:1.3.3"
  checksum: 90dd4760d6f6174adb9f20cf0965ae12e23879b5f5464f38e92fce8073354341e4b3b76fa3d878351efe7d01e617121955284cfd002ab087fba1a0726ec0b4f5
  languageName: node
  linkType: hard

"path-parse@npm:^1.0.7":
  version: 1.0.7
  resolution: "path-parse@npm:1.0.7"
  checksum: 11ce261f9d294cc7a58d6a574b7f1b935842355ec66fba3c3fd79e0f036462eaf07d0aa95bb74ff432f9afef97ce1926c720988c6a7451d8a584930ae7de86e1
  languageName: node
  linkType: hard

"path-to-regexp@npm:0.1.7":
  version: 0.1.7
  resolution: "path-to-regexp@npm:0.1.7"
  checksum: 50a1ddb1af41a9e68bd67ca8e331a705899d16fb720a1ea3a41e310480948387daf603abb14d7b0826c58f10146d49050a1291ba6a82b78a382d1c02c0b8f905
  languageName: node
  linkType: hard

"promise@npm:^7.0.1":
  version: 7.3.1
  resolution: "promise@npm:7.3.1"
  dependencies:
    asap: "npm:~2.0.3"
  checksum: 742e5c0cc646af1f0746963b8776299701ad561ce2c70b49365d62c8db8ea3681b0a1bf0d4e2fe07910bf72f02d39e51e8e73dc8d7503c3501206ac908be107f
  languageName: node
  linkType: hard

"proxy-addr@npm:~2.0.4":
  version: 2.0.7
  resolution: "proxy-addr@npm:2.0.7"
  dependencies:
    forwarded: "npm:0.2.0"
    ipaddr.js: "npm:1.9.1"
  checksum: c3eed999781a35f7fd935f398b6d8920b6fb00bbc14287bc6de78128ccc1a02c89b95b56742bf7cf0362cc333c61d138532049c7dedc7a328ef13343eff81210
  languageName: node
  linkType: hard

"pug-attrs@npm:^2.0.2":
  version: 2.0.4
  resolution: "pug-attrs@npm:2.0.4"
  dependencies:
    constantinople: "npm:^3.0.1"
    js-stringify: "npm:^1.0.1"
    pug-runtime: "npm:^2.0.5"
  checksum: f88c5ad83224bb3c717f601b655e0c75401036f561bccf710e9c5e7d33479dfc69c73144c6369658d670c2c53c21f974736c63d2944b4b085feb4facdde20be1
  languageName: node
  linkType: hard

"pug-code-gen@npm:^1.1.1":
  version: 1.1.1
  resolution: "pug-code-gen@npm:1.1.1"
  dependencies:
    constantinople: "npm:^3.0.1"
    doctypes: "npm:^1.1.0"
    js-stringify: "npm:^1.0.1"
    pug-attrs: "npm:^2.0.2"
    pug-error: "npm:^1.3.2"
    pug-runtime: "npm:^2.0.3"
    void-elements: "npm:^2.0.1"
    with: "npm:^5.0.0"
  checksum: 0e00579f3e7b1602ffc6e9608b187ed78177eddd54823e4728d4f2f4c5c17265a4a5963aacb7cc6290193dd281ab70cdb86e71ad006ba3e54be98f6c50295879
  languageName: node
  linkType: hard

"pug-error@npm:^1.3.2, pug-error@npm:^1.3.3":
  version: 1.3.3
  resolution: "pug-error@npm:1.3.3"
  checksum: b879864bbddc43c1e1a850c103b6140f928dd7b494faaa414266dbfa3a005fc65ddba5ad6ec83ee821066a66a59038cc6579dffada92aca35e52974babea7f01
  languageName: node
  linkType: hard

"pug-filters@npm:^2.1.1":
  version: 2.1.5
  resolution: "pug-filters@npm:2.1.5"
  dependencies:
    clean-css: "npm:^3.3.0"
    constantinople: "npm:^3.0.1"
    jstransformer: "npm:1.0.0"
    pug-error: "npm:^1.3.2"
    pug-walk: "npm:^1.1.5"
    resolve: "npm:^1.1.6"
    uglify-js: "npm:^2.6.1"
  checksum: 00f345b57ac0295e7a5d70b3a97f4d96c37bdd8e09f0ca20bc9de7d10b0372b8802a61cda0a46f4b81158350a36131e5d6a9c1f6db35c44adb2d7f4bad99e1e7
  languageName: node
  linkType: hard

"pug-lexer@npm:^3.0.0":
  version: 3.1.0
  resolution: "pug-lexer@npm:3.1.0"
  dependencies:
    character-parser: "npm:^2.1.1"
    is-expression: "npm:^3.0.0"
    pug-error: "npm:^1.3.2"
  checksum: b7013c8afaf3b45795dd5d82b6f9af6584facf7ab32a0b1e4c84a9f165e4cd2da58f3014f05dc39ca189d7a628a404ab96a2d126c73640159ed9f83da561bedc
  languageName: node
  linkType: hard

"pug-linker@npm:^2.0.2":
  version: 2.0.3
  resolution: "pug-linker@npm:2.0.3"
  dependencies:
    pug-error: "npm:^1.3.2"
    pug-walk: "npm:^1.1.2"
  checksum: 2f6b13b146ef3b9de57e6676b55fb91305dcfff18b2ce5ff4cebae5cb64ab8ae83e2688122999cf08a856d9c4bb783fbb4386d1988fb1bb4eb0877098a348a98
  languageName: node
  linkType: hard

"pug-load@npm:^2.0.5":
  version: 2.0.12
  resolution: "pug-load@npm:2.0.12"
  dependencies:
    object-assign: "npm:^4.1.0"
    pug-walk: "npm:^1.1.8"
  checksum: 2cb1439e74faf96cc4998fccdebd29d5528bfe39e0597dd7676c83b27eb071117fa1412d8ef78365ae666c208dba60c13d4e7d4352b6cf4ddd71efc9e71de6b9
  languageName: node
  linkType: hard

"pug-parser@npm:^2.0.2":
  version: 2.0.2
  resolution: "pug-parser@npm:2.0.2"
  dependencies:
    pug-error: "npm:^1.3.2"
    token-stream: "npm:0.0.1"
  checksum: 69e257ca60953d5d16dacb898d4bf22460125f2b576cd89a9dc4ee217b6a516b846b5ec44307ab19d889ad12a2073a179b087f6a48dbea26e564929960b8cf38
  languageName: node
  linkType: hard

"pug-runtime@npm:^2.0.3, pug-runtime@npm:^2.0.5":
  version: 2.0.5
  resolution: "pug-runtime@npm:2.0.5"
  checksum: cb8d472536d1923798c95905cda187f0c9abb87fa111704974e2f7f84101b1e4bb11d1e0dfb4dc1290f3d712924f1c5a7a73a2801c5fb5c0e8e4f5dd1be620ea
  languageName: node
  linkType: hard

"pug-strip-comments@npm:^1.0.2":
  version: 1.0.4
  resolution: "pug-strip-comments@npm:1.0.4"
  dependencies:
    pug-error: "npm:^1.3.3"
  checksum: 23289805ef8eecb9fc8b6d8bb3065eed381455451ab84e83e83f11a99a90ca5d8db92db67b3363bbcebdc159fa12b447f09dcfe225ae7840bac2ac044a24a210
  languageName: node
  linkType: hard

"pug-walk@npm:^1.1.2, pug-walk@npm:^1.1.5, pug-walk@npm:^1.1.8":
  version: 1.1.8
  resolution: "pug-walk@npm:1.1.8"
  checksum: 88006e27e151c56b576f6bee19bb82dfd265b40dac069b5ebae958debf45173b39240ada2873e21b5971ed2092ea33e1b20308f1ef7616fbf0675efbfa575af4
  languageName: node
  linkType: hard

"pug@npm:2.0.0-beta11":
  version: 2.0.0-beta11
  resolution: "pug@npm:2.0.0-beta11"
  dependencies:
    pug-code-gen: "npm:^1.1.1"
    pug-filters: "npm:^2.1.1"
    pug-lexer: "npm:^3.0.0"
    pug-linker: "npm:^2.0.2"
    pug-load: "npm:^2.0.5"
    pug-parser: "npm:^2.0.2"
    pug-runtime: "npm:^2.0.3"
    pug-strip-comments: "npm:^1.0.2"
  checksum: e1f63cfe710445ce19a6f5270468fdcb3a53108da00b66a4a97d1f424d4f7c5e577a4d1288a7f2bdd9d82020da5721b186620d27a741ece5f0403e8923b99390
  languageName: node
  linkType: hard

"qs@npm:6.5.2":
  version: 6.5.2
  resolution: "qs@npm:6.5.2"
  checksum: dab79026d56e6f1fdcc4779a1c6e05d05dad2199443a025815399f545294c9ea2c3ab50a5198600f5f13f52c5672b4389ceccf946919e150467281abf6edf747
  languageName: node
  linkType: hard

"range-parser@npm:~1.2.0":
  version: 1.2.1
  resolution: "range-parser@npm:1.2.1"
  checksum: 96c032ac2475c8027b7a4e9fe22dc0dfe0f6d90b85e496e0f016fbdb99d6d066de0112e680805075bd989905e2123b3b3d002765149294dce0c1f7f01fcc2ea0
  languageName: node
  linkType: hard

"raw-body@npm:2.3.3":
  version: 2.3.3
  resolution: "raw-body@npm:2.3.3"
  dependencies:
    bytes: "npm:3.0.0"
    http-errors: "npm:1.6.3"
    iconv-lite: "npm:0.4.23"
    unpipe: "npm:1.0.0"
  checksum: 5aff0726e89f24f63f1bd4e02d0a36380040a468a9430820eba41d93bb524863e61241a489acf0aaca306a20e5ee2067ce00371700c7fc407b950052acbf5c47
  languageName: node
  linkType: hard

"regenerator-runtime@npm:^0.11.0":
  version: 0.11.1
  resolution: "regenerator-runtime@npm:0.11.1"
  checksum: 69cfa839efcf2d627fe358bf302ab8b24e5f182cb69f13e66f0612d3640d7838aad1e55662135e3ef2c1cc4322315b757626094fab13a48f9a64ab4bdeb8795b
  languageName: node
  linkType: hard

"repeat-string@npm:^1.5.2":
  version: 1.6.1
  resolution: "repeat-string@npm:1.6.1"
  checksum: 87fa21bfdb2fbdedc44b9a5b118b7c1239bdd2c2c1e42742ef9119b7d412a5137a1d23f1a83dc6bb686f4f27429ac6f542e3d923090b44181bafa41e8ac0174d
  languageName: node
  linkType: hard

"resolve@npm:^1.1.6":
  version: 1.22.8
  resolution: "resolve@npm:1.22.8"
  dependencies:
    is-core-module: "npm:^2.13.0"
    path-parse: "npm:^1.0.7"
    supports-preserve-symlinks-flag: "npm:^1.0.0"
  bin:
    resolve: bin/resolve
  checksum: 07e179f4375e1fd072cfb72ad66d78547f86e6196c4014b31cb0b8bb1db5f7ca871f922d08da0fbc05b94e9fd42206f819648fa3b5b873ebbc8e1dc68fec433a
  languageName: node
  linkType: hard

"resolve@patch:resolve@npm%3A^1.1.6#optional!builtin<compat/resolve>":
  version: 1.22.8
  resolution: "resolve@patch:resolve@npm%3A1.22.8#optional!builtin<compat/resolve>::version=1.22.8&hash=c3c19d"
  dependencies:
    is-core-module: "npm:^2.13.0"
    path-parse: "npm:^1.0.7"
    supports-preserve-symlinks-flag: "npm:^1.0.0"
  bin:
    resolve: bin/resolve
  checksum: 0446f024439cd2e50c6c8fa8ba77eaa8370b4180f401a96abf3d1ebc770ac51c1955e12764cde449fde3fff480a61f84388e3505ecdbab778f4bef5f8212c729
  languageName: node
  linkType: hard

"right-align@npm:^0.1.1":
  version: 0.1.3
  resolution: "right-align@npm:0.1.3"
  dependencies:
    align-text: "npm:^0.1.1"
  checksum: 8fdafcb1e4cadd03d392f2a2185ab39265deb80bbe37c6ee4b0a552937c84a10fae5afd7ab4623734f7c5356b1d748daf4130529a2fbc8caa311b6257473ec95
  languageName: node
  linkType: hard

"safe-buffer@npm:5.1.2":
  version: 5.1.2
  resolution: "safe-buffer@npm:5.1.2"
  checksum: 780ba6b5d99cc9a40f7b951d47152297d0e260f0df01472a1b99d4889679a4b94a13d644f7dbc4f022572f09ae9005fa2fbb93bbbd83643316f365a3e9a45b21
  languageName: node
  linkType: hard

"safer-buffer@npm:>= 2.1.2 < 3":
  version: 2.1.2
  resolution: "safer-buffer@npm:2.1.2"
  checksum: 7e3c8b2e88a1841c9671094bbaeebd94448111dd90a81a1f606f3f67708a6ec57763b3b47f06da09fc6054193e0e6709e77325415dc8422b04497a8070fa02d4
  languageName: node
  linkType: hard

"send@npm:0.16.2":
  version: 0.16.2
  resolution: "send@npm:0.16.2"
  dependencies:
    debug: "npm:2.6.9"
    depd: "npm:~1.1.2"
    destroy: "npm:~1.0.4"
    encodeurl: "npm:~1.0.2"
    escape-html: "npm:~1.0.3"
    etag: "npm:~1.8.1"
    fresh: "npm:0.5.2"
    http-errors: "npm:~1.6.2"
    mime: "npm:1.4.1"
    ms: "npm:2.0.0"
    on-finished: "npm:~2.3.0"
    range-parser: "npm:~1.2.0"
    statuses: "npm:~1.4.0"
  checksum: 64681de4068c53aa7792d977d8c5b548966ea4aec018850ebf8516cc8bd5547c6e7189ec599907e6a41216058347f0e4fc72d3b37a5f38bf07d5cda168b2b84d
  languageName: node
  linkType: hard

"serve-static@npm:1.13.2":
  version: 1.13.2
  resolution: "serve-static@npm:1.13.2"
  dependencies:
    encodeurl: "npm:~1.0.2"
    escape-html: "npm:~1.0.3"
    parseurl: "npm:~1.3.2"
    send: "npm:0.16.2"
  checksum: 7d277284091ed3902ae1020149b45559b0af5ccc64dcb66331ae771756afb10da56275b363ec2e8fa40607eaa2a7e90c84a40b28ff18083a0f5e78b215aaa634
  languageName: node
  linkType: hard

"set-function-length@npm:^1.1.1":
  version: 1.1.1
  resolution: "set-function-length@npm:1.1.1"
  dependencies:
    define-data-property: "npm:^1.1.1"
    get-intrinsic: "npm:^1.2.1"
    gopd: "npm:^1.0.1"
    has-property-descriptors: "npm:^1.0.0"
  checksum: a29e255c116c29e3323b851c4f46c58c91be9bb8b065f191e2ea1807cb2c839df56e3175732a498e0c6d54626ba6b6fef896bf699feb7ab70c42dc47eb247c95
  languageName: node
  linkType: hard

"setprototypeof@npm:1.1.0":
  version: 1.1.0
  resolution: "setprototypeof@npm:1.1.0"
  checksum: a77b20876689c6a89c3b42f0c3596a9cae02f90fc902570cbd97198e9e8240382086c9303ad043e88cee10f61eae19f1004e51d885395a1e9bf49f9ebed12872
  languageName: node
  linkType: hard

"source-map@npm:0.4.x":
  version: 0.4.4
  resolution: "source-map@npm:0.4.4"
  dependencies:
    amdefine: "npm:>=0.0.4"
  checksum: 685924f8b0dfb1580c2d12f85b1ba116f1382ed9c4b227d8a15958d39c3e5494ee21c5e3b4a5bf1c6c489041b9dbaeb7cff14dda7ad6458365c665492677f588
  languageName: node
  linkType: hard

"source-map@npm:~0.5.1":
  version: 0.5.7
  resolution: "source-map@npm:0.5.7"
  checksum: 904e767bb9c494929be013017380cbba013637da1b28e5943b566031e29df04fba57edf3f093e0914be094648b577372bd8ad247fa98cfba9c600794cd16b599
  languageName: node
  linkType: hard

"statuses@npm:>= 1.4.0 < 2":
  version: 1.5.0
  resolution: "statuses@npm:1.5.0"
  checksum: e433900956357b3efd79b1c547da4d291799ac836960c016d10a98f6a810b1b5c0dcc13b5a7aa609a58239b5190e1ea176ad9221c2157d2fd1c747393e6b2940
  languageName: node
  linkType: hard

"statuses@npm:~1.4.0":
  version: 1.4.0
  resolution: "statuses@npm:1.4.0"
  checksum: 2877ece71af9f8dcefe6cdf0cc0d96d3cab20cef33594991396346e683923d36add1b08312450e9f8dfb9f1e6718d9e57482157bb190f8ea4fc5c7bc441f3f25
  languageName: node
  linkType: hard

"supports-preserve-symlinks-flag@npm:^1.0.0":
  version: 1.0.0
  resolution: "supports-preserve-symlinks-flag@npm:1.0.0"
  checksum: 6c4032340701a9950865f7ae8ef38578d8d7053f5e10518076e6554a9381fa91bd9c6850193695c141f32b21f979c985db07265a758867bac95de05f7d8aeb39
  languageName: node
  linkType: hard

"to-fast-properties@npm:^1.0.3":
  version: 1.0.3
  resolution: "to-fast-properties@npm:1.0.3"
  checksum: 78974a4f4528700d18e4c2bbf0b1fb1b19862dcc20a18dc5ed659843dea2dff4f933d167a11d3819865c1191042003aea65f7f035791af9e65d070f2e05af787
  languageName: node
  linkType: hard

"token-stream@npm:0.0.1":
  version: 0.0.1
  resolution: "token-stream@npm:0.0.1"
  checksum: cf4020b5ca9c2acbf3a1382d84ca36830809d08fea4a295dee08c534a955c84cb9711802c7a7c916a904824bdc49300b60e9a26d29800680c2404f8c419845c8
  languageName: node
  linkType: hard

"type-is@npm:~1.6.16":
  version: 1.6.18
  resolution: "type-is@npm:1.6.18"
  dependencies:
    media-typer: "npm:0.3.0"
    mime-types: "npm:~2.1.24"
  checksum: a23daeb538591b7efbd61ecf06b6feb2501b683ffdc9a19c74ef5baba362b4347e42f1b4ed81f5882a8c96a3bfff7f93ce3ffaf0cbbc879b532b04c97a55db9d
  languageName: node
  linkType: hard

"uglify-js@npm:^2.6.1":
  version: 2.8.29
  resolution: "uglify-js@npm:2.8.29"
  dependencies:
    source-map: "npm:~0.5.1"
    uglify-to-browserify: "npm:~1.0.0"
    yargs: "npm:~3.10.0"
  dependenciesMeta:
    uglify-to-browserify:
      optional: true
  bin:
    uglifyjs: bin/uglifyjs
  checksum: e2e5d67a551975d70aef4b693d369934b4917b17dd2a36270cabd8df884eeb59cb517d9a0a52ca996f11f3b3e202f9563bf620089ffa73d804d08619e338f080
  languageName: node
  linkType: hard

"uglify-to-browserify@npm:~1.0.0":
  version: 1.0.2
  resolution: "uglify-to-browserify@npm:1.0.2"
  checksum: 7927b554c2cbc110f3e6a5f8f5ed430710e72adadd9dc900fc3393b6d67f281048f2dfd1b2da3df9e88b9308b215247688d16337dccd5202d56636173a83ce16
  languageName: node
  linkType: hard

"unpipe@npm:1.0.0, unpipe@npm:~1.0.0":
  version: 1.0.0
  resolution: "unpipe@npm:1.0.0"
  checksum: 193400255bd48968e5c5383730344fbb4fa114cdedfab26e329e50dd2d81b134244bb8a72c6ac1b10ab0281a58b363d06405632c9d49ca9dfd5e90cbd7d0f32c
  languageName: node
  linkType: hard

"utils-merge@npm:1.0.1":
  version: 1.0.1
  resolution: "utils-merge@npm:1.0.1"
  checksum: 02ba649de1b7ca8854bfe20a82f1dfbdda3fb57a22ab4a8972a63a34553cf7aa51bc9081cf7e001b035b88186d23689d69e71b510e610a09a4c66f68aa95b672
  languageName: node
  linkType: hard

"vary@npm:^1, vary@npm:~1.1.2":
  version: 1.1.2
  resolution: "vary@npm:1.1.2"
  checksum: f15d588d79f3675135ba783c91a4083dcd290a2a5be9fcb6514220a1634e23df116847b1cc51f66bfb0644cf9353b2abb7815ae499bab06e46dd33c1a6bf1f4f
  languageName: node
  linkType: hard

"void-elements@npm:^2.0.1":
  version: 2.0.1
  resolution: "void-elements@npm:2.0.1"
  checksum: 23b4f35bbeabcaa5c87a9f638ae80862a9313dccbaa8973b0eada81dbe97488ae11baf4d8aa2846bc397d31456afdfd8d791bb44c542f83735e6d04af6996f4d
  languageName: node
  linkType: hard

"window-size@npm:0.1.0":
  version: 0.1.0
  resolution: "window-size@npm:0.1.0"
  checksum: 4753f1d55afde8e89f49ab161a5c5bff9a5e025443a751f6e9654168c319cf9e429ac9ed19e12241cdf0fb9d7fdc4af220abd18f05ad8e254899d331f798723e
  languageName: node
  linkType: hard

"with@npm:^5.0.0":
  version: 5.1.1
  resolution: "with@npm:5.1.1"
  dependencies:
    acorn: "npm:^3.1.0"
    acorn-globals: "npm:^3.0.0"
  checksum: 0e7d79f80b4772f3e454edc8cddf3ebcabb27adc734e056f4b1d21e1c07e301437b067a350f4117731c3d971343c8263eaaf537e360f762c90278efe8a00f38b
  languageName: node
  linkType: hard

"wordwrap@npm:0.0.2":
  version: 0.0.2
  resolution: "wordwrap@npm:0.0.2"
  checksum: a697f8d4de35aa5fc09c84756a471a72cf602abcd8f45e132a28b0140369a4abd142676db4daa64632f10472cd7d6fa89daa308914b84ba6a5f43e35b6711501
  languageName: node
  linkType: hard

"yargs@npm:~3.10.0":
  version: 3.10.0
  resolution: "yargs@npm:3.10.0"
  dependencies:
    camelcase: "npm:^1.0.2"
    cliui: "npm:^2.1.0"
    decamelize: "npm:^1.0.0"
    window-size: "npm:0.1.0"
  checksum: df727126b4e664987c5bb1f346fbde24d2d5e6bd435d081d816f1f5890811ceb82f90ac7e6eb849eae749dde6fe5a2eda2c6f2b22021824976399fb4362413c1
  languageName: node
  linkType: hard
